
Microsoft Visual Studio Solution File, Format Version 12.00
# Visual Studio 15
VisualStudioVersion = 15.0.26430.12
MinimumVisualStudioVersion = 10.0.40219.1
Project("{FAE04EC0-301F-11D3-BF4B-00C04F79EFBC}") = "SeidorTestv1.Android", "SeidorTestv1\SeidorTestv1.Android\SeidorTestv1.Android.csproj", "{DF98EE86-9F83-4D5E-B4AB-7A64D757ACA2}"
EndProject
Project("{FAE04EC0-301F-11D3-BF4B-00C04F79EFBC}") = "SeidorTestv1", "SeidorTestv1\SeidorTestv1\SeidorTestv1.csproj", "{7C75C83B-DC86-4334-B145-70881348DF52}"
EndProject
Project("{FAE04EC0-301F-11D3-BF4B-00C04F79EFBC}") = "SeidorTestv1.UWP", "SeidorTestv1\SeidorTestv1.UWP\SeidorTestv1.UWP.csproj", "{40BA3359-896F-47B0-A59D-B39FEE3B5C6F}"
EndProject
Project("{FAE04EC0-301F-11D3-BF4B-00C04F79EFBC}") = "SeidorTestv1.iOS", "SeidorTestv1\SeidorTestv1.iOS\SeidorTestv1.iOS.csproj", "{B4671C87-D258-4526-B797-5C2EEA5CB15D}"
EndProject
Global
	GlobalSection(SolutionConfigurationPlatforms) = preSolution
		Ad-Hoc|Any CPU = Ad-Hoc|Any CPU
		Ad-Hoc|ARM = Ad-Hoc|ARM
		Ad-Hoc|iPhone = Ad-Hoc|iPhone
		Ad-Hoc|iPhoneSimulator = Ad-Hoc|iPhoneSimulator
		Ad-Hoc|x64 = Ad-Hoc|x64
		Ad-Hoc|x86 = Ad-Hoc|x86
		AppStore|Any CPU = AppStore|Any CPU
		AppStore|ARM = AppStore|ARM
		AppStore|iPhone = AppStore|iPhone
		AppStore|iPhoneSimulator = AppStore|iPhoneSimulator
		AppStore|x64 = AppStore|x64
		AppStore|x86 = AppStore|x86
		Debug|Any CPU = Debug|Any CPU
		Debug|ARM = Debug|ARM
		Debug|iPhone = Debug|iPhone
		Debug|iPhoneSimulator = Debug|iPhoneSimulator
		Debug|x64 = Debug|x64
		Debug|x86 = Debug|x86
		Release|Any CPU = Release|Any CPU
		Release|ARM = Release|ARM
		Release|iPhone = Release|iPhone
		Release|iPhoneSimulator = Release|iPhoneSimulator
		Release|x64 = Release|x64
		Release|x86 = Release|x86
	EndGlobalSection
	GlobalSection(ProjectConfigurationPlatforms) = postSolution
		{DF98EE86-9F83-4D5E-B4AB-7A64D757ACA2}.Ad-Hoc|Any CPU.ActiveCfg = Release|Any CPU
		{DF98EE86-9F83-4D5E-B4AB-7A64D757ACA2}.Ad-Hoc|Any CPU.Build.0 = Release|Any CPU
		{DF98EE86-9F83-4D5E-B4AB-7A64D757ACA2}.Ad-Hoc|Any CPU.Deploy.0 = Release|Any CPU
		{DF98EE86-9F83-4D5E-B4AB-7A64D757ACA2}.Ad-Hoc|ARM.ActiveCfg = Release|Any CPU
		{DF98EE86-9F83-4D5E-B4AB-7A64D757ACA2}.Ad-Hoc|ARM.Build.0 = Release|Any CPU
		{DF98EE86-9F83-4D5E-B4AB-7A64D757ACA2}.Ad-Hoc|ARM.Deploy.0 = Release|Any CPU
		{DF98EE86-9F83-4D5E-B4AB-7A64D757ACA2}.Ad-Hoc|iPhone.ActiveCfg = Release|Any CPU
		{DF98EE86-9F83-4D5E-B4AB-7A64D757ACA2}.Ad-Hoc|iPhone.Build.0 = Release|Any CPU
		{DF98EE86-9F83-4D5E-B4AB-7A64D757ACA2}.Ad-Hoc|iPhone.Deploy.0 = Release|Any CPU
		{DF98EE86-9F83-4D5E-B4AB-7A64D757ACA2}.Ad-Hoc|iPhoneSimulator.ActiveCfg = Release|Any CPU
		{DF98EE86-9F83-4D5E-B4AB-7A64D757ACA2}.Ad-Hoc|iPhoneSimulator.Build.0 = Release|Any CPU
		{DF98EE86-9F83-4D5E-B4AB-7A64D757ACA2}.Ad-Hoc|iPhoneSimulator.Deploy.0 = Release|Any CPU
		{DF98EE86-9F83-4D5E-B4AB-7A64D757ACA2}.Ad-Hoc|x64.ActiveCfg = Release|Any CPU
		{DF98EE86-9F83-4D5E-B4AB-7A64D757ACA2}.Ad-Hoc|x64.Build.0 = Release|Any CPU
		{DF98EE86-9F83-4D5E-B4AB-7A64D757ACA2}.Ad-Hoc|x64.Deploy.0 = Release|Any CPU
		{DF98EE86-9F83-4D5E-B4AB-7A64D757ACA2}.Ad-Hoc|x86.ActiveCfg = Release|Any CPU
		{DF98EE86-9F83-4D5E-B4AB-7A64D757ACA2}.Ad-Hoc|x86.Build.0 = Release|Any CPU
		{DF98EE86-9F83-4D5E-B4AB-7A64D757ACA2}.Ad-Hoc|x86.Deploy.0 = Release|Any CPU
		{DF98EE86-9F83-4D5E-B4AB-7A64D757ACA2}.AppStore|Any CPU.ActiveCfg = Release|Any CPU
		{DF98EE86-9F83-4D5E-B4AB-7A64D757ACA2}.AppStore|Any CPU.Build.0 = Release|Any CPU
		{DF98EE86-9F83-4D5E-B4AB-7A64D757ACA2}.AppStore|Any CPU.Deploy.0 = Release|Any CPU
		{DF98EE86-9F83-4D5E-B4AB-7A64D757ACA2}.AppStore|ARM.ActiveCfg = Release|Any CPU
		{DF98EE86-9F83-4D5E-B4AB-7A64D757ACA2}.AppStore|ARM.Build.0 = Release|Any CPU
		{DF98EE86-9F83-4D5E-B4AB-7A64D757ACA2}.AppStore|ARM.Deploy.0 = Release|Any CPU
		{DF98EE86-9F83-4D5E-B4AB-7A64D757ACA2}.AppStore|iPhone.ActiveCfg = Release|Any CPU
		{DF98EE86-9F83-4D5E-B4AB-7A64D757ACA2}.AppStore|iPhone.Build.0 = Release|Any CPU
		{DF98EE86-9F83-4D5E-B4AB-7A64D757ACA2}.AppStore|iPhone.Deploy.0 = Release|Any CPU
		{DF98EE86-9F83-4D5E-B4AB-7A64D757ACA2}.AppStore|iPhoneSimulator.ActiveCfg = Release|Any CPU
		{DF98EE86-9F83-4D5E-B4AB-7A64D757ACA2}.AppStore|iPhoneSimulator.Build.0 = Release|Any CPU
		{DF98EE86-9F83-4D5E-B4AB-7A64D757ACA2}.AppStore|iPhoneSimulator.Deploy.0 = Release|Any CPU
		{DF98EE86-9F83-4D5E-B4AB-7A64D757ACA2}.AppStore|x64.ActiveCfg = Release|Any CPU
		{DF98EE86-9F83-4D5E-B4AB-7A64D757ACA2}.AppStore|x64.Build.0 = Release|Any CPU
		{DF98EE86-9F83-4D5E-B4AB-7A64D757ACA2}.AppStore|x64.Deploy.0 = Release|Any CPU
		{DF98EE86-9F83-4D5E-B4AB-7A64D757ACA2}.AppStore|x86.ActiveCfg = Release|Any CPU
		{DF98EE86-9F83-4D5E-B4AB-7A64D757ACA2}.AppStore|x86.Build.0 = Release|Any CPU
		{DF98EE86-9F83-4D5E-B4AB-7A64D757ACA2}.AppStore|x86.Deploy.0 = Release|Any CPU
		{DF98EE86-9F83-4D5E-B4AB-7A64D757ACA2}.Debug|Any CPU.ActiveCfg = Debug|Any CPU
		{DF98EE86-9F83-4D5E-B4AB-7A64D757ACA2}.Debug|Any CPU.Build.0 = Debug|Any CPU
		{DF98EE86-9F83-4D5E-B4AB-7A64D757ACA2}.Debug|Any CPU.Deploy.0 = Debug|Any CPU
		{DF98EE86-9F83-4D5E-B4AB-7A64D757ACA2}.Debug|ARM.ActiveCfg = Debug|Any CPU
		{DF98EE86-9F83-4D5E-B4AB-7A64D757ACA2}.Debug|ARM.Build.0 = Debug|Any CPU
		{DF98EE86-9F83-4D5E-B4AB-7A64D757ACA2}.Debug|ARM.Deploy.0 = Debug|Any CPU
		{DF98EE86-9F83-4D5E-B4AB-7A64D757ACA2}.Debug|iPhone.ActiveCfg = Debug|Any CPU
		{DF98EE86-9F83-4D5E-B4AB-7A64D757ACA2}.Debug|iPhone.Build.0 = Debug|Any CPU
		{DF98EE86-9F83-4D5E-B4AB-7A64D757ACA2}.Debug|iPhone.Deploy.0 = Debug|Any CPU
		{DF98EE86-9F83-4D5E-B4AB-7A64D757ACA2}.Debug|iPhoneSimulator.ActiveCfg = Debug|Any CPU
		{DF98EE86-9F83-4D5E-B4AB-7A64D757ACA2}.Debug|iPhoneSimulator.Build.0 = Debug|Any CPU
		{DF98EE86-9F83-4D5E-B4AB-7A64D757ACA2}.Debug|iPhoneSimulator.Deploy.0 = Debug|Any CPU
		{DF98EE86-9F83-4D5E-B4AB-7A64D757ACA2}.Debug|x64.ActiveCfg = Debug|Any CPU
		{DF98EE86-9F83-4D5E-B4AB-7A64D757ACA2}.Debug|x64.Build.0 = Debug|Any CPU
		{DF98EE86-9F83-4D5E-B4AB-7A64D757ACA2}.Debug|x64.Deploy.0 = Debug|Any CPU
		{DF98EE86-9F83-4D5E-B4AB-7A64D757ACA2}.Debug|x86.ActiveCfg = Debug|Any CPU
		{DF98EE86-9F83-4D5E-B4AB-7A64D757ACA2}.Debug|x86.Build.0 = Debug|Any CPU
		{DF98EE86-9F83-4D5E-B4AB-7A64D757ACA2}.Debug|x86.Deploy.0 = Debug|Any CPU
		{DF98EE86-9F83-4D5E-B4AB-7A64D757ACA2}.Release|Any CPU.ActiveCfg = Release|Any CPU
		{DF98EE86-9F83-4D5E-B4AB-7A64D757ACA2}.Release|Any CPU.Build.0 = Release|Any CPU
		{DF98EE86-9F83-4D5E-B4AB-7A64D757ACA2}.Release|Any CPU.Deploy.0 = Release|Any CPU
		{DF98EE86-9F83-4D5E-B4AB-7A64D757ACA2}.Release|ARM.ActiveCfg = Release|Any CPU
		{DF98EE86-9F83-4D5E-B4AB-7A64D757ACA2}.Release|ARM.Build.0 = Release|Any CPU
		{DF98EE86-9F83-4D5E-B4AB-7A64D757ACA2}.Release|ARM.Deploy.0 = Release|Any CPU
		{DF98EE86-9F83-4D5E-B4AB-7A64D757ACA2}.Release|iPhone.ActiveCfg = Release|Any CPU
		{DF98EE86-9F83-4D5E-B4AB-7A64D757ACA2}.Release|iPhone.Build.0 = Release|Any CPU
		{DF98EE86-9F83-4D5E-B4AB-7A64D757ACA2}.Release|iPhone.Deploy.0 = Release|Any CPU
		{DF98EE86-9F83-4D5E-B4AB-7A64D757ACA2}.Release|iPhoneSimulator.ActiveCfg = Release|Any CPU
		{DF98EE86-9F83-4D5E-B4AB-7A64D757ACA2}.Release|iPhoneSimulator.Build.0 = Release|Any CPU
		{DF98EE86-9F83-4D5E-B4AB-7A64D757ACA2}.Release|iPhoneSimulator.Deploy.0 = Release|Any CPU
		{DF98EE86-9F83-4D5E-B4AB-7A64D757ACA2}.Release|x64.ActiveCfg = Release|Any CPU
		{DF98EE86-9F83-4D5E-B4AB-7A64D757ACA2}.Release|x64.Build.0 = Release|Any CPU
		{DF98EE86-9F83-4D5E-B4AB-7A64D757ACA2}.Release|x64.Deploy.0 = Release|Any CPU
		{DF98EE86-9F83-4D5E-B4AB-7A64D757ACA2}.Release|x86.ActiveCfg = Release|Any CPU
		{DF98EE86-9F83-4D5E-B4AB-7A64D757ACA2}.Release|x86.Build.0 = Release|Any CPU
		{DF98EE86-9F83-4D5E-B4AB-7A64D757ACA2}.Release|x86.Deploy.0 = Release|Any CPU
		{7C75C83B-DC86-4334-B145-70881348DF52}.Ad-Hoc|Any CPU.ActiveCfg = Release|Any CPU
		{7C75C83B-DC86-4334-B145-70881348DF52}.Ad-Hoc|Any CPU.Build.0 = Release|Any CPU
		{7C75C83B-DC86-4334-B145-70881348DF52}.Ad-Hoc|ARM.ActiveCfg = Release|Any CPU
		{7C75C83B-DC86-4334-B145-70881348DF52}.Ad-Hoc|ARM.Build.0 = Release|Any CPU
		{7C75C83B-DC86-4334-B145-70881348DF52}.Ad-Hoc|iPhone.ActiveCfg = Release|Any CPU
		{7C75C83B-DC86-4334-B145-70881348DF52}.Ad-Hoc|iPhone.Build.0 = Release|Any CPU
		{7C75C83B-DC86-4334-B145-70881348DF52}.Ad-Hoc|iPhoneSimulator.ActiveCfg = Release|Any CPU
		{7C75C83B-DC86-4334-B145-70881348DF52}.Ad-Hoc|iPhoneSimulator.Build.0 = Release|Any CPU
		{7C75C83B-DC86-4334-B145-70881348DF52}.Ad-Hoc|x64.ActiveCfg = Release|Any CPU
		{7C75C83B-DC86-4334-B145-70881348DF52}.Ad-Hoc|x64.Build.0 = Release|Any CPU
		{7C75C83B-DC86-4334-B145-70881348DF52}.Ad-Hoc|x86.ActiveCfg = Release|Any CPU
		{7C75C83B-DC86-4334-B145-70881348DF52}.Ad-Hoc|x86.Build.0 = Release|Any CPU
		{7C75C83B-DC86-4334-B145-70881348DF52}.AppStore|Any CPU.ActiveCfg = Release|Any CPU
		{7C75C83B-DC86-4334-B145-70881348DF52}.AppStore|Any CPU.Build.0 = Release|Any CPU
		{7C75C83B-DC86-4334-B145-70881348DF52}.AppStore|ARM.ActiveCfg = Release|Any CPU
		{7C75C83B-DC86-4334-B145-70881348DF52}.AppStore|ARM.Build.0 = Release|Any CPU
		{7C75C83B-DC86-4334-B145-70881348DF52}.AppStore|iPhone.ActiveCfg = Release|Any CPU
		{7C75C83B-DC86-4334-B145-70881348DF52}.AppStore|iPhone.Build.0 = Release|Any CPU
		{7C75C83B-DC86-4334-B145-70881348DF52}.AppStore|iPhoneSimulator.ActiveCfg = Release|Any CPU
		{7C75C83B-DC86-4334-B145-70881348DF52}.AppStore|iPhoneSimulator.Build.0 = Release|Any CPU
		{7C75C83B-DC86-4334-B145-70881348DF52}.AppStore|x64.ActiveCfg = Release|Any CPU
		{7C75C83B-DC86-4334-B145-70881348DF52}.AppStore|x64.Build.0 = Release|Any CPU
		{7C75C83B-DC86-4334-B145-70881348DF52}.AppStore|x86.ActiveCfg = Release|Any CPU
		{7C75C83B-DC86-4334-B145-70881348DF52}.AppStore|x86.Build.0 = Release|Any CPU
		{7C75C83B-DC86-4334-B145-70881348DF52}.Debug|Any CPU.ActiveCfg = Debug|Any CPU
		{7C75C83B-DC86-4334-B145-70881348DF52}.Debug|Any CPU.Build.0 = Debug|Any CPU
		{7C75C83B-DC86-4334-B145-70881348DF52}.Debug|ARM.ActiveCfg = Debug|Any CPU
		{7C75C83B-DC86-4334-B145-70881348DF52}.Debug|ARM.Build.0 = Debug|Any CPU
		{7C75C83B-DC86-4334-B145-70881348DF52}.Debug|iPhone.ActiveCfg = Debug|Any CPU
		{7C75C83B-DC86-4334-B145-70881348DF52}.Debug|iPhone.Build.0 = Debug|Any CPU
		{7C75C83B-DC86-4334-B145-70881348DF52}.Debug|iPhoneSimulator.ActiveCfg = Debug|Any CPU
		{7C75C83B-DC86-4334-B145-70881348DF52}.Debug|iPhoneSimulator.Build.0 = Debug|Any CPU
		{7C75C83B-DC86-4334-B145-70881348DF52}.Debug|x64.ActiveCfg = Debug|Any CPU
		{7C75C83B-DC86-4334-B145-70881348DF52}.Debug|x64.Build.0 = Debug|Any CPU
		{7C75C83B-DC86-4334-B145-70881348DF52}.Debug|x86.ActiveCfg = Debug|Any CPU
		{7C75C83B-DC86-4334-B145-70881348DF52}.Debug|x86.Build.0 = Debug|Any CPU
		{7C75C83B-DC86-4334-B145-70881348DF52}.Release|Any CPU.ActiveCfg = Release|Any CPU
		{7C75C83B-DC86-4334-B145-70881348DF52}.Release|Any CPU.Build.0 = Release|Any CPU
		{7C75C83B-DC86-4334-B145-70881348DF52}.Release|ARM.ActiveCfg = Release|Any CPU
		{7C75C83B-DC86-4334-B145-70881348DF52}.Release|ARM.Build.0 = Release|Any CPU
		{7C75C83B-DC86-4334-B145-70881348DF52}.Release|iPhone.ActiveCfg = Release|Any CPU
		{7C75C83B-DC86-4334-B145-70881348DF52}.Release|iPhone.Build.0 = Release|Any CPU
		{7C75C83B-DC86-4334-B145-70881348DF52}.Release|iPhoneSimulator.ActiveCfg = Release|Any CPU
		{7C75C83B-DC86-4334-B145-70881348DF52}.Release|iPhoneSimulator.Build.0 = Release|Any CPU
		{7C75C83B-DC86-4334-B145-70881348DF52}.Release|x64.ActiveCfg = Release|Any CPU
		{7C75C83B-DC86-4334-B145-70881348DF52}.Release|x64.Build.0 = Release|Any CPU
		{7C75C83B-DC86-4334-B145-70881348DF52}.Release|x86.ActiveCfg = Release|Any CPU
		{7C75C83B-DC86-4334-B145-70881348DF52}.Release|x86.Build.0 = Release|Any CPU
		{40BA3359-896F-47B0-A59D-B39FEE3B5C6F}.Ad-Hoc|Any CPU.ActiveCfg = Release|x86
		{40BA3359-896F-47B0-A59D-B39FEE3B5C6F}.Ad-Hoc|Any CPU.Build.0 = Release|x86
		{40BA3359-896F-47B0-A59D-B39FEE3B5C6F}.Ad-Hoc|Any CPU.Deploy.0 = Release|x86
		{40BA3359-896F-47B0-A59D-B39FEE3B5C6F}.Ad-Hoc|ARM.ActiveCfg = Release|ARM
		{40BA3359-896F-47B0-A59D-B39FEE3B5C6F}.Ad-Hoc|ARM.Build.0 = Release|ARM
		{40BA3359-896F-47B0-A59D-B39FEE3B5C6F}.Ad-Hoc|ARM.Deploy.0 = Release|ARM
		{40BA3359-896F-47B0-A59D-B39FEE3B5C6F}.Ad-Hoc|iPhone.ActiveCfg = Release|x86
		{40BA3359-896F-47B0-A59D-B39FEE3B5C6F}.Ad-Hoc|iPhone.Build.0 = Release|x86
		{40BA3359-896F-47B0-A59D-B39FEE3B5C6F}.Ad-Hoc|iPhone.Deploy.0 = Release|x86
		{40BA3359-896F-47B0-A59D-B39FEE3B5C6F}.Ad-Hoc|iPhoneSimulator.ActiveCfg = Release|x86
		{40BA3359-896F-47B0-A59D-B39FEE3B5C6F}.Ad-Hoc|iPhoneSimulator.Build.0 = Release|x86
		{40BA3359-896F-47B0-A59D-B39FEE3B5C6F}.Ad-Hoc|iPhoneSimulator.Deploy.0 = Release|x86
		{40BA3359-896F-47B0-A59D-B39FEE3B5C6F}.Ad-Hoc|x64.ActiveCfg = Release|x64
		{40BA3359-896F-47B0-A59D-B39FEE3B5C6F}.Ad-Hoc|x64.Build.0 = Release|x64
		{40BA3359-896F-47B0-A59D-B39FEE3B5C6F}.Ad-Hoc|x64.Deploy.0 = Release|x64
		{40BA3359-896F-47B0-A59D-B39FEE3B5C6F}.Ad-Hoc|x86.ActiveCfg = Release|x86
		{40BA3359-896F-47B0-A59D-B39FEE3B5C6F}.Ad-Hoc|x86.Build.0 = Release|x86
		{40BA3359-896F-47B0-A59D-B39FEE3B5C6F}.Ad-Hoc|x86.Deploy.0 = Release|x86
		{40BA3359-896F-47B0-A59D-B39FEE3B5C6F}.AppStore|Any CPU.ActiveCfg = Release|x86
		{40BA3359-896F-47B0-A59D-B39FEE3B5C6F}.AppStore|Any CPU.Build.0 = Release|x86
		{40BA3359-896F-47B0-A59D-B39FEE3B5C6F}.AppStore|Any CPU.Deploy.0 = Release|x86
		{40BA3359-896F-47B0-A59D-B39FEE3B5C6F}.AppStore|ARM.ActiveCfg = Release|ARM
		{40BA3359-896F-47B0-A59D-B39FEE3B5C6F}.AppStore|ARM.Build.0 = Release|ARM
		{40BA3359-896F-47B0-A59D-B39FEE3B5C6F}.AppStore|ARM.Deploy.0 = Release|ARM
		{40BA3359-896F-47B0-A59D-B39FEE3B5C6F}.AppStore|iPhone.ActiveCfg = Release|x86
		{40BA3359-896F-47B0-A59D-B39FEE3B5C6F}.AppStore|iPhone.Build.0 = Release|x86
		{40BA3359-896F-47B0-A59D-B39FEE3B5C6F}.AppStore|iPhone.Deploy.0 = Release|x86
		{40BA3359-896F-47B0-A59D-B39FEE3B5C6F}.AppStore|iPhoneSimulator.ActiveCfg = Release|x86
		{40BA3359-896F-47B0-A59D-B39FEE3B5C6F}.AppStore|iPhoneSimulator.Build.0 = Release|x86
		{40BA3359-896F-47B0-A59D-B39FEE3B5C6F}.AppStore|iPhoneSimulator.Deploy.0 = Release|x86
		{40BA3359-896F-47B0-A59D-B39FEE3B5C6F}.AppStore|x64.ActiveCfg = Release|x64
		{40BA3359-896F-47B0-A59D-B39FEE3B5C6F}.AppStore|x64.Build.0 = Release|x64
		{40BA3359-896F-47B0-A59D-B39FEE3B5C6F}.AppStore|x64.Deploy.0 = Release|x64
		{40BA3359-896F-47B0-A59D-B39FEE3B5C6F}.AppStore|x86.ActiveCfg = Release|x86
		{40BA3359-896F-47B0-A59D-B39FEE3B5C6F}.AppStore|x86.Build.0 = Release|x86
		{40BA3359-896F-47B0-A59D-B39FEE3B5C6F}.AppStore|x86.Deploy.0 = Release|x86
		{40BA3359-896F-47B0-A59D-B39FEE3B5C6F}.Debug|Any CPU.ActiveCfg = Debug|x86
		{40BA3359-896F-47B0-A59D-B39FEE3B5C6F}.Debug|ARM.ActiveCfg = Debug|ARM
		{40BA3359-896F-47B0-A59D-B39FEE3B5C6F}.Debug|ARM.Build.0 = Debug|ARM
		{40BA3359-896F-47B0-A59D-B39FEE3B5C6F}.Debug|ARM.Deploy.0 = Debug|ARM
		{40BA3359-896F-47B0-A59D-B39FEE3B5C6F}.Debug|iPhone.ActiveCfg = Debug|x86
		{40BA3359-896F-47B0-A59D-B39FEE3B5C6F}.Debug|iPhoneSimulator.ActiveCfg = Debug|x86
		{40BA3359-896F-47B0-A59D-B39FEE3B5C6F}.Debug|x64.ActiveCfg = Debug|x64
		{40BA3359-896F-47B0-A59D-B39FEE3B5C6F}.Debug|x64.Build.0 = Debug|x64
		{40BA3359-896F-47B0-A59D-B39FEE3B5C6F}.Debug|x64.Deploy.0 = Debug|x64
		{40BA3359-896F-47B0-A59D-B39FEE3B5C6F}.Debug|x86.ActiveCfg = Debug|x86
		{40BA3359-896F-47B0-A59D-B39FEE3B5C6F}.Debug|x86.Build.0 = Debug|x86
		{40BA3359-896F-47B0-A59D-B39FEE3B5C6F}.Debug|x86.Deploy.0 = Debug|x86
		{40BA3359-896F-47B0-A59D-B39FEE3B5C6F}.Release|Any CPU.ActiveCfg = Release|x86
		{40BA3359-896F-47B0-A59D-B39FEE3B5C6F}.Release|ARM.ActiveCfg = Release|ARM
		{40BA3359-896F-47B0-A59D-B39FEE3B5C6F}.Release|ARM.Build.0 = Release|ARM
		{40BA3359-896F-47B0-A59D-B39FEE3B5C6F}.Release|ARM.Deploy.0 = Release|ARM
		{40BA3359-896F-47B0-A59D-B39FEE3B5C6F}.Release|iPhone.ActiveCfg = Release|x86
		{40BA3359-896F-47B0-A59D-B39FEE3B5C6F}.Release|iPhoneSimulator.ActiveCfg = Release|x86
		{40BA3359-896F-47B0-A59D-B39FEE3B5C6F}.Release|x64.ActiveCfg = Release|x64
		{40BA3359-896F-47B0-A59D-B39FEE3B5C6F}.Release|x64.Build.0 = Release|x64
		{40BA3359-896F-47B0-A59D-B39FEE3B5C6F}.Release|x64.Deploy.0 = Release|x64
		{40BA3359-896F-47B0-A59D-B39FEE3B5C6F}.Release|x86.ActiveCfg = Release|x86
		{40BA3359-896F-47B0-A59D-B39FEE3B5C6F}.Release|x86.Build.0 = Release|x86
		{40BA3359-896F-47B0-A59D-B39FEE3B5C6F}.Release|x86.Deploy.0 = Release|x86
		{B4671C87-D258-4526-B797-5C2EEA5CB15D}.Ad-Hoc|Any CPU.ActiveCfg = Ad-Hoc|iPhone
		{B4671C87-D258-4526-B797-5C2EEA5CB15D}.Ad-Hoc|ARM.ActiveCfg = Ad-Hoc|iPhone
		{B4671C87-D258-4526-B797-5C2EEA5CB15D}.Ad-Hoc|iPhone.ActiveCfg = Ad-Hoc|iPhone
		{B4671C87-D258-4526-B797-5C2EEA5CB15D}.Ad-Hoc|iPhone.Build.0 = Ad-Hoc|iPhone
		{B4671C87-D258-4526-B797-5C2EEA5CB15D}.Ad-Hoc|iPhoneSimulator.ActiveCfg = Ad-Hoc|iPhoneSimulator
		{B4671C87-D258-4526-B797-5C2EEA5CB15D}.Ad-Hoc|iPhoneSimulator.Build.0 = Ad-Hoc|iPhoneSimulator
		{B4671C87-D258-4526-B797-5C2EEA5CB15D}.Ad-Hoc|x64.ActiveCfg = Ad-Hoc|iPhone
		{B4671C87-D258-4526-B797-5C2EEA5CB15D}.Ad-Hoc|x86.ActiveCfg = Ad-Hoc|iPhone
		{B4671C87-D258-4526-B797-5C2EEA5CB15D}.AppStore|Any CPU.ActiveCfg = AppStore|iPhone
		{B4671C87-D258-4526-B797-5C2EEA5CB15D}.AppStore|ARM.ActiveCfg = AppStore|iPhone
		{B4671C87-D258-4526-B797-5C2EEA5CB15D}.AppStore|iPhone.ActiveCfg = AppStore|iPhone
		{B4671C87-D258-4526-B797-5C2EEA5CB15D}.AppStore|iPhone.Build.0 = AppStore|iPhone
		{B4671C87-D258-4526-B797-5C2EEA5CB15D}.AppStore|iPhoneSimulator.ActiveCfg = AppStore|iPhoneSimulator
		{B4671C87-D258-4526-B797-5C2EEA5CB15D}.AppStore|iPhoneSimulator.Build.0 = AppStore|iPhoneSimulator
		{B4671C87-D258-4526-B797-5C2EEA5CB15D}.AppStore|x64.ActiveCfg = AppStore|iPhone
		{B4671C87-D258-4526-B797-5C2EEA5CB15D}.AppStore|x86.ActiveCfg = AppStore|iPhone
		{B4671C87-D258-4526-B797-5C2EEA5CB15D}.Debug|Any CPU.ActiveCfg = Debug|iPhone
		{B4671C87-D258-4526-B797-5C2EEA5CB15D}.Debug|ARM.ActiveCfg = Debug|iPhone
		{B4671C87-D258-4526-B797-5C2EEA5CB15D}.Debug|iPhone.ActiveCfg = Debug|iPhone
		{B4671C87-D258-4526-B797-5C2EEA5CB15D}.Debug|iPhone.Build.0 = Debug|iPhone
		{B4671C87-D258-4526-B797-5C2EEA5CB15D}.Debug|iPhoneSimulator.ActiveCfg = Debug|iPhoneSimulator
		{B4671C87-D258-4526-B797-5C2EEA5CB15D}.Debug|iPhoneSimulator.Build.0 = Debug|iPhoneSimulator
		{B4671C87-D258-4526-B797-5C2EEA5CB15D}.Debug|x64.ActiveCfg = Debug|iPhone
		{B4671C87-D258-4526-B797-5C2EEA5CB15D}.Debug|x86.ActiveCfg = Debug|iPhone
		{B4671C87-D258-4526-B797-5C2EEA5CB15D}.Release|Any CPU.ActiveCfg = Release|iPhone
		{B4671C87-D258-4526-B797-5C2EEA5CB15D}.Release|ARM.ActiveCfg = Release|iPhone
		{B4671C87-D258-4526-B797-5C2EEA5CB15D}.Release|iPhone.ActiveCfg = Release|iPhone
		{B4671C87-D258-4526-B797-5C2EEA5CB15D}.Release|iPhone.Build.0 = Release|iPhone
		{B4671C87-D258-4526-B797-5C2EEA5CB15D}.Release|iPhoneSimulator.ActiveCfg = Release|iPhoneSimulator
		{B4671C87-D258-4526-B797-5C2EEA5CB15D}.Release|iPhoneSimulator.Build.0 = Release|iPhoneSimulator
		{B4671C87-D258-4526-B797-5C2EEA5CB15D}.Release|x64.ActiveCfg = Release|iPhone
		{B4671C87-D258-4526-B797-5C2EEA5CB15D}.Release|x86.ActiveCfg = Release|iPhone
	EndGlobalSection
	GlobalSection(SolutionProperties) = preSolution
		HideSolutionNode = FALSE
	EndGlobalSection
EndGlobal
